
Microsoft Visual Studio Solution File, Format Version 12.00
# Visual Studio Version 17
VisualStudioVersion = 17.7.34024.191
MinimumVisualStudioVersion = 10.0.40219.1
Project("{FAE04EC0-301F-11D3-BF4B-00C04F79EFBC}") = "MVCAppTest", "MVCAppTest.csproj", "{8F86B390-EB98-4FE0-895B-85738D38A4BC}"
EndProject
Global
	GlobalSection(SolutionConfigurationPlatforms) = preSolution
		Debug|Any CPU = Debug|Any CPU
		Release|Any CPU = Release|Any CPU
	EndGlobalSection
	GlobalSection(ProjectConfigurationPlatforms) = postSolution
		{8F86B390-EB98-4FE0-895B-85738D38A4BC}.Debug|Any CPU.ActiveCfg = Debug|Any CPU
		{8F86B390-EB98-4FE0-895B-85738D38A4BC}.Debug|Any CPU.Build.0 = Debug|Any CPU
		{8F86B390-EB98-4FE0-895B-85738D38A4BC}.Release|Any CPU.ActiveCfg = Release|Any CPU
		{8F86B390-EB98-4FE0-895B-85738D38A4BC}.Release|Any CPU.Build.0 = Release|Any CPU
	EndGlobalSection
	GlobalSection(SolutionProperties) = preSolution
		HideSolutionNode = FALSE
	EndGlobalSection
	GlobalSection(ExtensibilityGlobals) = postSolution
		SolutionGuid = {004D4A8A-96DF-4F2D-B845-03AAD19941A9}
	EndGlobalSection
EndGlobal
